{
  "dependencies": {
    "csv": {
      "version": "0.4.5",
      "dependencies": {
        "csv-generate": {
          "version": "0.0.6"
        },
        "csv-parse": {
          "version": "0.1.4"
        },
        "stream-transform": {
          "version": "0.1.0"
        },
        "csv-stringify": {
          "version": "0.0.8"
        }
      }
    }
  }
}
